<?xml version="1.0" encoding="utf-8"?>
<Project ToolsVersion="4.0" xmlns="http://schemas.microsoft.com/developer/msbuild/2003">
  <ItemGroup>
    <ClCompile Include="src\json_reader.cpp" />
    <ClCompile Include="src\json_value.cpp" />
    <ClCompile Include="src\json_writer.cpp" />
  </ItemGroup>
  <ItemGroup>
    <ClInclude Include="src\json_tool.h" />
  </ItemGroup>
</Project>